
Microsoft Visual Studio Solution File, Format Version 12.00
# Visual Studio Version 16
VisualStudioVersion = 16.0.28315.86
MinimumVisualStudioVersion = 10.0.40219.1
Project("{2150E333-8FDC-42A3-9474-1A3956D46DE8}") = "Engine", "Engine", "{4F0EADAF-94C5-4826-831E-13D28632DA05}"
EndProject
Project("{2150E333-8FDC-42A3-9474-1A3956D46DE8}") = "Games", "Games", "{15EC0E99-066B-496C-A2DE-1DF4A977B57A}"
EndProject
Project("{8BC9CEB8-8B4A-11D0-8D11-00A0C91BC942}") = "UE4", "Intermediate\ProjectFiles\UE4.vcxproj", "{36309331-955E-4C15-A269-D0C8829328F1}"
EndProject
Project("{8BC9CEB8-8B4A-11D0-8D11-00A0C91BC942}") = "BuildingEscape", "Intermediate\ProjectFiles\BuildingEscape.vcxproj", "{753A2D3A-BC03-4004-8045-ADF17CEAAC9A}"
EndProject
Project("{2150E333-8FDC-42A3-9474-1A3956D46DE8}") = "Visualizers", "Visualizers", "{6323AE0B-6F9E-4872-97D3-BF4B6DB9E8D0}"
	ProjectSection(SolutionItems) = preProject
		..\..\..\..\..\..\Program Files (x86)\Epic Games\UE_4.22\Engine\Extras\VisualStudioDebugging\UE4.natvis = ..\..\..\..\..\..\Program Files (x86)\Epic Games\UE_4.22\Engine\Extras\VisualStudioDebugging\UE4.natvis
	EndProjectSection
EndProject
Global
	GlobalSection(SolutionConfigurationPlatforms) = preSolution
		DebugGame Editor|HTML5 = DebugGame Editor|HTML5
		DebugGame Editor|IOS = DebugGame Editor|IOS
		DebugGame Editor|Win32 = DebugGame Editor|Win32
		DebugGame Editor|Win64 = DebugGame Editor|Win64
		DebugGame|HTML5 = DebugGame|HTML5
		DebugGame|IOS = DebugGame|IOS
		DebugGame|Win32 = DebugGame|Win32
		DebugGame|Win64 = DebugGame|Win64
		Development Editor|HTML5 = Development Editor|HTML5
		Development Editor|IOS = Development Editor|IOS
		Development Editor|Win32 = Development Editor|Win32
		Development Editor|Win64 = Development Editor|Win64
		Development|HTML5 = Development|HTML5
		Development|IOS = Development|IOS
		Development|Win32 = Development|Win32
		Development|Win64 = Development|Win64
		Shipping|HTML5 = Shipping|HTML5
		Shipping|IOS = Shipping|IOS
		Shipping|Win32 = Shipping|Win32
		Shipping|Win64 = Shipping|Win64
	EndGlobalSection
	GlobalSection(ProjectConfigurationPlatforms) = postSolution
		{36309331-955E-4C15-A269-D0C8829328F1}.DebugGame Editor|HTML5.ActiveCfg = BuiltWithUnrealBuildTool|Win32
		{36309331-955E-4C15-A269-D0C8829328F1}.DebugGame Editor|IOS.ActiveCfg = BuiltWithUnrealBuildTool|Win32
		{36309331-955E-4C15-A269-D0C8829328F1}.DebugGame Editor|Win32.ActiveCfg = BuiltWithUnrealBuildTool|Win32
		{36309331-955E-4C15-A269-D0C8829328F1}.DebugGame Editor|Win64.ActiveCfg = BuiltWithUnrealBuildTool|Win32
		{36309331-955E-4C15-A269-D0C8829328F1}.DebugGame|HTML5.ActiveCfg = BuiltWithUnrealBuildTool|Win32
		{36309331-955E-4C15-A269-D0C8829328F1}.DebugGame|IOS.ActiveCfg = BuiltWithUnrealBuildTool|Win32
		{36309331-955E-4C15-A269-D0C8829328F1}.DebugGame|Win32.ActiveCfg = BuiltWithUnrealBuildTool|Win32
		{36309331-955E-4C15-A269-D0C8829328F1}.DebugGame|Win64.ActiveCfg = BuiltWithUnrealBuildTool|Win32
		{36309331-955E-4C15-A269-D0C8829328F1}.Development Editor|HTML5.ActiveCfg = BuiltWithUnrealBuildTool|Win32
		{36309331-955E-4C15-A269-D0C8829328F1}.Development Editor|IOS.ActiveCfg = BuiltWithUnrealBuildTool|Win32
		{36309331-955E-4C15-A269-D0C8829328F1}.Development Editor|Win32.ActiveCfg = BuiltWithUnrealBuildTool|Win32
		{36309331-955E-4C15-A269-D0C8829328F1}.Development Editor|Win64.ActiveCfg = BuiltWithUnrealBuildTool|Win32
		{36309331-955E-4C15-A269-D0C8829328F1}.Development|HTML5.ActiveCfg = BuiltWithUnrealBuildTool|Win32
		{36309331-955E-4C15-A269-D0C8829328F1}.Development|IOS.ActiveCfg = BuiltWithUnrealBuildTool|Win32
		{36309331-955E-4C15-A269-D0C8829328F1}.Development|Win32.ActiveCfg = BuiltWithUnrealBuildTool|Win32
		{36309331-955E-4C15-A269-D0C8829328F1}.Development|Win64.ActiveCfg = BuiltWithUnrealBuildTool|Win32
		{36309331-955E-4C15-A269-D0C8829328F1}.Shipping|HTML5.ActiveCfg = BuiltWithUnrealBuildTool|Win32
		{36309331-955E-4C15-A269-D0C8829328F1}.Shipping|IOS.ActiveCfg = BuiltWithUnrealBuildTool|Win32
		{36309331-955E-4C15-A269-D0C8829328F1}.Shipping|Win32.ActiveCfg = BuiltWithUnrealBuildTool|Win32
		{36309331-955E-4C15-A269-D0C8829328F1}.Shipping|Win64.ActiveCfg = BuiltWithUnrealBuildTool|Win32
		{753A2D3A-BC03-4004-8045-ADF17CEAAC9A}.DebugGame Editor|HTML5.ActiveCfg = Invalid|Win32
		{753A2D3A-BC03-4004-8045-ADF17CEAAC9A}.DebugGame Editor|IOS.ActiveCfg = Invalid|Win32
		{753A2D3A-BC03-4004-8045-ADF17CEAAC9A}.DebugGame Editor|Win32.ActiveCfg = Invalid|Win32
		{753A2D3A-BC03-4004-8045-ADF17CEAAC9A}.DebugGame Editor|Win64.ActiveCfg = DebugGame_Editor|x64
		{753A2D3A-BC03-4004-8045-ADF17CEAAC9A}.DebugGame Editor|Win64.Build.0 = DebugGame_Editor|x64
		{753A2D3A-BC03-4004-8045-ADF17CEAAC9A}.DebugGame|HTML5.ActiveCfg = HTML5_DebugGame|Win32
		{753A2D3A-BC03-4004-8045-ADF17CEAAC9A}.DebugGame|HTML5.Build.0 = HTML5_DebugGame|Win32
		{753A2D3A-BC03-4004-8045-ADF17CEAAC9A}.DebugGame|IOS.ActiveCfg = IOS_DebugGame|Win32
		{753A2D3A-BC03-4004-8045-ADF17CEAAC9A}.DebugGame|IOS.Build.0 = IOS_DebugGame|Win32
		{753A2D3A-BC03-4004-8045-ADF17CEAAC9A}.DebugGame|Win32.ActiveCfg = DebugGame|Win32
		{753A2D3A-BC03-4004-8045-ADF17CEAAC9A}.DebugGame|Win32.Build.0 = DebugGame|Win32
		{753A2D3A-BC03-4004-8045-ADF17CEAAC9A}.DebugGame|Win64.ActiveCfg = DebugGame|x64
		{753A2D3A-BC03-4004-8045-ADF17CEAAC9A}.DebugGame|Win64.Build.0 = DebugGame|x64
		{753A2D3A-BC03-4004-8045-ADF17CEAAC9A}.Development Editor|HTML5.ActiveCfg = Invalid|Win32
		{753A2D3A-BC03-4004-8045-ADF17CEAAC9A}.Development Editor|IOS.ActiveCfg = Invalid|Win32
		{753A2D3A-BC03-4004-8045-ADF17CEAAC9A}.Development Editor|Win32.ActiveCfg = Invalid|Win32
		{753A2D3A-BC03-4004-8045-ADF17CEAAC9A}.Development Editor|Win64.ActiveCfg = Development_Editor|x64
		{753A2D3A-BC03-4004-8045-ADF17CEAAC9A}.Development Editor|Win64.Build.0 = Development_Editor|x64
		{753A2D3A-BC03-4004-8045-ADF17CEAAC9A}.Development|HTML5.ActiveCfg = HTML5_Development|Win32
		{753A2D3A-BC03-4004-8045-ADF17CEAAC9A}.Development|HTML5.Build.0 = HTML5_Development|Win32
		{753A2D3A-BC03-4004-8045-ADF17CEAAC9A}.Development|IOS.ActiveCfg = IOS_Development|Win32
		{753A2D3A-BC03-4004-8045-ADF17CEAAC9A}.Development|IOS.Build.0 = IOS_Development|Win32
		{753A2D3A-BC03-4004-8045-ADF17CEAAC9A}.Development|Win32.ActiveCfg = Development|Win32
		{753A2D3A-BC03-4004-8045-ADF17CEAAC9A}.Development|Win32.Build.0 = Development|Win32
		{753A2D3A-BC03-4004-8045-ADF17CEAAC9A}.Development|Win64.ActiveCfg = Development|x64
		{753A2D3A-BC03-4004-8045-ADF17CEAAC9A}.Development|Win64.Build.0 = Development|x64
		{753A2D3A-BC03-4004-8045-ADF17CEAAC9A}.Shipping|HTML5.ActiveCfg = HTML5_Shipping|Win32
		{753A2D3A-BC03-4004-8045-ADF17CEAAC9A}.Shipping|HTML5.Build.0 = HTML5_Shipping|Win32
		{753A2D3A-BC03-4004-8045-ADF17CEAAC9A}.Shipping|IOS.ActiveCfg = IOS_Shipping|Win32
		{753A2D3A-BC03-4004-8045-ADF17CEAAC9A}.Shipping|IOS.Build.0 = IOS_Shipping|Win32
		{753A2D3A-BC03-4004-8045-ADF17CEAAC9A}.Shipping|Win32.ActiveCfg = Shipping|Win32
		{753A2D3A-BC03-4004-8045-ADF17CEAAC9A}.Shipping|Win32.Build.0 = Shipping|Win32
		{753A2D3A-BC03-4004-8045-ADF17CEAAC9A}.Shipping|Win64.ActiveCfg = Shipping|x64
		{753A2D3A-BC03-4004-8045-ADF17CEAAC9A}.Shipping|Win64.Build.0 = Shipping|x64
	EndGlobalSection
	GlobalSection(SolutionProperties) = preSolution
		HideSolutionNode = FALSE
	EndGlobalSection
	GlobalSection(NestedProjects) = preSolution
		{36309331-955E-4C15-A269-D0C8829328F1} = {4F0EADAF-94C5-4826-831E-13D28632DA05}
		{753A2D3A-BC03-4004-8045-ADF17CEAAC9A} = {15EC0E99-066B-496C-A2DE-1DF4A977B57A}
	EndGlobalSection
EndGlobal
